
Microsoft Visual Studio Solution File, Format Version 12.00
# Visual Studio Version 17
VisualStudioVersion = 17.8.34525.116
MinimumVisualStudioVersion = 10.0.40219.1
Project("{FAE04EC0-301F-11D3-BF4B-00C04F79EFBC}") = "SportsStore", "SportsStore.csproj", "{FBAA679A-7AD4-4F6F-891B-AECBDD080D97}"
EndProject
Global
	GlobalSection(SolutionConfigurationPlatforms) = preSolution
		Debug|Any CPU = Debug|Any CPU
		Release|Any CPU = Release|Any CPU
	EndGlobalSection
	GlobalSection(ProjectConfigurationPlatforms) = postSolution
		{FBAA679A-7AD4-4F6F-891B-AECBDD080D97}.Debug|Any CPU.ActiveCfg = Debug|Any CPU
		{FBAA679A-7AD4-4F6F-891B-AECBDD080D97}.Debug|Any CPU.Build.0 = Debug|Any CPU
		{FBAA679A-7AD4-4F6F-891B-AECBDD080D97}.Release|Any CPU.ActiveCfg = Release|Any CPU
		{FBAA679A-7AD4-4F6F-891B-AECBDD080D97}.Release|Any CPU.Build.0 = Release|Any CPU
	EndGlobalSection
	GlobalSection(SolutionProperties) = preSolution
		HideSolutionNode = FALSE
	EndGlobalSection
	GlobalSection(ExtensibilityGlobals) = postSolution
		SolutionGuid = {CFAB48C2-D464-4987-BE7B-1323B1CF0A1E}
	EndGlobalSection
EndGlobal
